
Microsoft Visual Studio Solution File, Format Version 12.00
# Visual Studio Version 18
VisualStudioVersion = 18.5.11716.220 stable
MinimumVisualStudioVersion = 10.0.40219.1
Project("{9A19103F-16F7-4668-BE54-9A1E7A4F7556}") = "Domen", "Domen\Domen.csproj", "{B1FB99A2-052B-4C7E-8D6A-FB3D03E8959C}"
EndProject
Project("{9A19103F-16F7-4668-BE54-9A1E7A4F7556}") = "Zajednicki", "Zajednicki\Zajednicki.csproj", "{7F7F86DF-7A75-42A1-B87A-784F960383B6}"
EndProject
Project("{9A19103F-16F7-4668-BE54-9A1E7A4F7556}") = "BrokerBazePodataka", "BrokerBazePodataka\BrokerBazePodataka.csproj", "{A657120E-B97A-48F5-8934-1F3AF36548CD}"
EndProject
Project("{FAE04EC0-301F-11D3-BF4B-00C04F79EFBC}") = "Server", "Server\Server.csproj", "{EB376E03-BD3F-47D1-BC32-8653783ABDC5}"
EndProject
Project("{FAE04EC0-301F-11D3-BF4B-00C04F79EFBC}") = "KorisnickiInterfejs", "KorisnickiInterfejs\KorisnickiInterfejs.csproj", "{D5F1C3B9-9B19-437D-9317-BDCDA8A1F7B8}"
EndProject
Global
	GlobalSection(SolutionConfigurationPlatforms) = preSolution
		Debug|Any CPU = Debug|Any CPU
		Debug|x64 = Debug|x64
		Debug|x86 = Debug|x86
		Release|Any CPU = Release|Any CPU
		Release|x64 = Release|x64
		Release|x86 = Release|x86
	EndGlobalSection
	GlobalSection(ProjectConfigurationPlatforms) = postSolution
		{B1FB99A2-052B-4C7E-8D6A-FB3D03E8959C}.Debug|Any CPU.ActiveCfg = Debug|Any CPU
		{B1FB99A2-052B-4C7E-8D6A-FB3D03E8959C}.Debug|Any CPU.Build.0 = Debug|Any CPU
		{B1FB99A2-052B-4C7E-8D6A-FB3D03E8959C}.Debug|x64.ActiveCfg = Debug|Any CPU
		{B1FB99A2-052B-4C7E-8D6A-FB3D03E8959C}.Debug|x64.Build.0 = Debug|Any CPU
		{B1FB99A2-052B-4C7E-8D6A-FB3D03E8959C}.Debug|x86.ActiveCfg = Debug|Any CPU
		{B1FB99A2-052B-4C7E-8D6A-FB3D03E8959C}.Debug|x86.Build.0 = Debug|Any CPU
		{B1FB99A2-052B-4C7E-8D6A-FB3D03E8959C}.Release|Any CPU.ActiveCfg = Release|Any CPU
		{B1FB99A2-052B-4C7E-8D6A-FB3D03E8959C}.Release|Any CPU.Build.0 = Release|Any CPU
		{B1FB99A2-052B-4C7E-8D6A-FB3D03E8959C}.Release|x64.ActiveCfg = Release|Any CPU
		{B1FB99A2-052B-4C7E-8D6A-FB3D03E8959C}.Release|x64.Build.0 = Release|Any CPU
		{B1FB99A2-052B-4C7E-8D6A-FB3D03E8959C}.Release|x86.ActiveCfg = Release|Any CPU
		{B1FB99A2-052B-4C7E-8D6A-FB3D03E8959C}.Release|x86.Build.0 = Release|Any CPU
		{7F7F86DF-7A75-42A1-B87A-784F960383B6}.Debug|Any CPU.ActiveCfg = Debug|Any CPU
		{7F7F86DF-7A75-42A1-B87A-784F960383B6}.Debug|Any CPU.Build.0 = Debug|Any CPU
		{7F7F86DF-7A75-42A1-B87A-784F960383B6}.Debug|x64.ActiveCfg = Debug|Any CPU
		{7F7F86DF-7A75-42A1-B87A-784F960383B6}.Debug|x64.Build.0 = Debug|Any CPU
		{7F7F86DF-7A75-42A1-B87A-784F960383B6}.Debug|x86.ActiveCfg = Debug|Any CPU
		{7F7F86DF-7A75-42A1-B87A-784F960383B6}.Debug|x86.Build.0 = Debug|Any CPU
		{7F7F86DF-7A75-42A1-B87A-784F960383B6}.Release|Any CPU.ActiveCfg = Release|Any CPU
		{7F7F86DF-7A75-42A1-B87A-784F960383B6}.Release|Any CPU.Build.0 = Release|Any CPU
		{7F7F86DF-7A75-42A1-B87A-784F960383B6}.Release|x64.ActiveCfg = Release|Any CPU
		{7F7F86DF-7A75-42A1-B87A-784F960383B6}.Release|x64.Build.0 = Release|Any CPU
		{7F7F86DF-7A75-42A1-B87A-784F960383B6}.Release|x86.ActiveCfg = Release|Any CPU
		{7F7F86DF-7A75-42A1-B87A-784F960383B6}.Release|x86.Build.0 = Release|Any CPU
		{A657120E-B97A-48F5-8934-1F3AF36548CD}.Debug|Any CPU.ActiveCfg = Debug|Any CPU
		{A657120E-B97A-48F5-8934-1F3AF36548CD}.Debug|Any CPU.Build.0 = Debug|Any CPU
		{A657120E-B97A-48F5-8934-1F3AF36548CD}.Debug|x64.ActiveCfg = Debug|Any CPU
		{A657120E-B97A-48F5-8934-1F3AF36548CD}.Debug|x64.Build.0 = Debug|Any CPU
		{A657120E-B97A-48F5-8934-1F3AF36548CD}.Debug|x86.ActiveCfg = Debug|Any CPU
		{A657120E-B97A-48F5-8934-1F3AF36548CD}.Debug|x86.Build.0 = Debug|Any CPU
		{A657120E-B97A-48F5-8934-1F3AF36548CD}.Release|Any CPU.ActiveCfg = Release|Any CPU
		{A657120E-B97A-48F5-8934-1F3AF36548CD}.Release|Any CPU.Build.0 = Release|Any CPU
		{A657120E-B97A-48F5-8934-1F3AF36548CD}.Release|x64.ActiveCfg = Release|Any CPU
		{A657120E-B97A-48F5-8934-1F3AF36548CD}.Release|x64.Build.0 = Release|Any CPU
		{A657120E-B97A-48F5-8934-1F3AF36548CD}.Release|x86.ActiveCfg = Release|Any CPU
		{A657120E-B97A-48F5-8934-1F3AF36548CD}.Release|x86.Build.0 = Release|Any CPU
		{EB376E03-BD3F-47D1-BC32-8653783ABDC5}.Debug|Any CPU.ActiveCfg = Debug|Any CPU
		{EB376E03-BD3F-47D1-BC32-8653783ABDC5}.Debug|Any CPU.Build.0 = Debug|Any CPU
		{EB376E03-BD3F-47D1-BC32-8653783ABDC5}.Debug|x64.ActiveCfg = Debug|Any CPU
		{EB376E03-BD3F-47D1-BC32-8653783ABDC5}.Debug|x64.Build.0 = Debug|Any CPU
		{EB376E03-BD3F-47D1-BC32-8653783ABDC5}.Debug|x86.ActiveCfg = Debug|Any CPU
		{EB376E03-BD3F-47D1-BC32-8653783ABDC5}.Debug|x86.Build.0 = Debug|Any CPU
		{EB376E03-BD3F-47D1-BC32-8653783ABDC5}.Release|Any CPU.ActiveCfg = Release|Any CPU
		{EB376E03-BD3F-47D1-BC32-8653783ABDC5}.Release|Any CPU.Build.0 = Release|Any CPU
		{EB376E03-BD3F-47D1-BC32-8653783ABDC5}.Release|x64.ActiveCfg = Release|Any CPU
		{EB376E03-BD3F-47D1-BC32-8653783ABDC5}.Release|x64.Build.0 = Release|Any CPU
		{EB376E03-BD3F-47D1-BC32-8653783ABDC5}.Release|x86.ActiveCfg = Release|Any CPU
		{EB376E03-BD3F-47D1-BC32-8653783ABDC5}.Release|x86.Build.0 = Release|Any CPU
		{D5F1C3B9-9B19-437D-9317-BDCDA8A1F7B8}.Debug|Any CPU.ActiveCfg = Debug|Any CPU
		{D5F1C3B9-9B19-437D-9317-BDCDA8A1F7B8}.Debug|Any CPU.Build.0 = Debug|Any CPU
		{D5F1C3B9-9B19-437D-9317-BDCDA8A1F7B8}.Debug|x64.ActiveCfg = Debug|Any CPU
		{D5F1C3B9-9B19-437D-9317-BDCDA8A1F7B8}.Debug|x64.Build.0 = Debug|Any CPU
		{D5F1C3B9-9B19-437D-9317-BDCDA8A1F7B8}.Debug|x86.ActiveCfg = Debug|Any CPU
		{D5F1C3B9-9B19-437D-9317-BDCDA8A1F7B8}.Debug|x86.Build.0 = Debug|Any CPU
		{D5F1C3B9-9B19-437D-9317-BDCDA8A1F7B8}.Release|Any CPU.ActiveCfg = Release|Any CPU
		{D5F1C3B9-9B19-437D-9317-BDCDA8A1F7B8}.Release|Any CPU.Build.0 = Release|Any CPU
		{D5F1C3B9-9B19-437D-9317-BDCDA8A1F7B8}.Release|x64.ActiveCfg = Release|Any CPU
		{D5F1C3B9-9B19-437D-9317-BDCDA8A1F7B8}.Release|x64.Build.0 = Release|Any CPU
		{D5F1C3B9-9B19-437D-9317-BDCDA8A1F7B8}.Release|x86.ActiveCfg = Release|Any CPU
		{D5F1C3B9-9B19-437D-9317-BDCDA8A1F7B8}.Release|x86.Build.0 = Release|Any CPU
	EndGlobalSection
	GlobalSection(SolutionProperties) = preSolution
		HideSolutionNode = FALSE
	EndGlobalSection
	GlobalSection(ExtensibilityGlobals) = postSolution
		SolutionGuid = {63AA12B8-C6E3-4F48-9CDF-4F2B6F916F20}
	EndGlobalSection
EndGlobal
